
Microsoft Visual Studio Solution File, Format Version 12.00
# Visual Studio Version 17
VisualStudioVersion = 17.1.32421.90
MinimumVisualStudioVersion = 10.0.40219.1
Project("{FAE04EC0-301F-11D3-BF4B-00C04F79EFBC}") = "DISample", "DISample\DISample.csproj", "{1A4DA5AC-7BCF-4143-A911-F3FE0B78CC8C}"
EndProject
Project("{FAE04EC0-301F-11D3-BF4B-00C04F79EFBC}") = "DISample.Services", "DISample.Services\DISample.Services.csproj", "{5ED4F323-9E4E-4598-B09F-BE10F0E3CD86}"
EndProject
Global
	GlobalSection(SolutionConfigurationPlatforms) = preSolution
		Debug|Any CPU = Debug|Any CPU
		Release|Any CPU = Release|Any CPU
	EndGlobalSection
	GlobalSection(ProjectConfigurationPlatforms) = postSolution
		{1A4DA5AC-7BCF-4143-A911-F3FE0B78CC8C}.Debug|Any CPU.ActiveCfg = Debug|Any CPU
		{1A4DA5AC-7BCF-4143-A911-F3FE0B78CC8C}.Debug|Any CPU.Build.0 = Debug|Any CPU
		{1A4DA5AC-7BCF-4143-A911-F3FE0B78CC8C}.Release|Any CPU.ActiveCfg = Release|Any CPU
		{1A4DA5AC-7BCF-4143-A911-F3FE0B78CC8C}.Release|Any CPU.Build.0 = Release|Any CPU
		{5ED4F323-9E4E-4598-B09F-BE10F0E3CD86}.Debug|Any CPU.ActiveCfg = Debug|Any CPU
		{5ED4F323-9E4E-4598-B09F-BE10F0E3CD86}.Debug|Any CPU.Build.0 = Debug|Any CPU
		{5ED4F323-9E4E-4598-B09F-BE10F0E3CD86}.Release|Any CPU.ActiveCfg = Release|Any CPU
		{5ED4F323-9E4E-4598-B09F-BE10F0E3CD86}.Release|Any CPU.Build.0 = Release|Any CPU
	EndGlobalSection
	GlobalSection(SolutionProperties) = preSolution
		HideSolutionNode = FALSE
	EndGlobalSection
	GlobalSection(ExtensibilityGlobals) = postSolution
		SolutionGuid = {7F99709D-D172-49E0-9007-B9675979BA71}
	EndGlobalSection
EndGlobal
